
Microsoft Visual Studio Solution File, Format Version 12.00
# Visual Studio Version 17
VisualStudioVersion = 17.0.31903.59
MinimumVisualStudioVersion = 10.0.40219.1
Project("{FAE04EC0-301F-11D3-BF4B-00C04F79EFBC}") = "C#,Simulation", "C#,Simulation\C#,Simulation.csproj", "{2729F373-0BDF-4D8B-B154-9C197546D969}"
EndProject
Global
	GlobalSection(SolutionConfigurationPlatforms) = preSolution
		Debug|Any CPU = Debug|Any CPU
		Release|Any CPU = Release|Any CPU
	EndGlobalSection
	GlobalSection(SolutionProperties) = preSolution
		HideSolutionNode = FALSE
	EndGlobalSection
	GlobalSection(ProjectConfigurationPlatforms) = postSolution
		{2729F373-0BDF-4D8B-B154-9C197546D969}.Debug|Any CPU.ActiveCfg = Debug|Any CPU
		{2729F373-0BDF-4D8B-B154-9C197546D969}.Debug|Any CPU.Build.0 = Debug|Any CPU
		{2729F373-0BDF-4D8B-B154-9C197546D969}.Release|Any CPU.ActiveCfg = Release|Any CPU
		{2729F373-0BDF-4D8B-B154-9C197546D969}.Release|Any CPU.Build.0 = Release|Any CPU
	EndGlobalSection
EndGlobal
